{"format_version":"1.1","terraform_version":"1.4.0","variables":{"server_port":{"value":8080}},"planned_values":{"outputs":{"alb_domain":{"sensitive":false},"subnet_ids":{"sensitive":false,"type":["set","string"],"value":["subnet-03c4e85b31af548af","subnet-06594bf681f9cc6e1","subnet-07db88ac54185958d"]}},"root_module":{"resources":[{"address":"aws_autoscaling_group.example","mode":"managed","type":"aws_autoscaling_group","name":"example","provider_name":"registry.terraform.io/hashicorp/aws","schema_version":0,"values":{"capacity_rebalance":null,"context":null,"default_instance_warmup":null,"desired_capacity_type":null,"enabled_metrics":null,"force_delete":false,"force_delete_warm_pool":false,"health_check_grace_period":300,"health_check_type":"ELB","initial_lifecycle_hook":[],"instance_refresh":[],"launch_template":[],"load_balancers":null,"max_instance_lifetime":null,"max_size":10,"metrics_granularity":"1Minute","min_elb_capacity":null,"min_size":2,"mixed_instances_policy":[],"placement_group":null,"protect_from_scale_in":false,"suspended_processes":null,"tag":[{"key":"Name","propagate_at_launch":true,"value":"terraform-ags-example"}],"tags":null,"termination_policies":null,"timeouts":null,"vpc_zone_identifier":["subnet-03c4e85b31af548af","subnet-06594bf681f9cc6e1","subnet-07db88ac54185958d"],"wait_for_capacity_timeout":"10m","wait_for_elb_capacity":null,"warm_pool":[]},"sensitive_values":{"availability_zones":[],"initial_lifecycle_hook":[],"instance_refresh":[],"launch_template":[],"mixed_instances_policy":[],"tag":[{}],"target_group_arns":[],"vpc_zone_identifier":[false,false,false],"warm_pool":[]}},{"address":"aws_launch_configuration.example","mode":"managed","type":"aws_launch_configuration","name":"example","provider_name":"registry.terraform.io/hashicorp/aws","schema_version":0,"values":{"enable_monitoring":true,"ephemeral_block_device":[],"iam_instance_profile":null,"image_id":"ami-00eeedc4036573771","instance_type":"t2.micro","placement_tenancy":null,"spot_price":null,"user_data":"3cfea3e99f52503ce8cf3c3ba358150029988f77","user_data_base64":null,"vpc_classic_link_id":null,"vpc_classic_link_security_groups":null},"sensitive_values":{"ebs_block_device":[],"ephemeral_block_device":[],"metadata_options":[],"root_block_device":[],"security_groups":[]}},{"address":"aws_lb.example","mode":"managed","type":"aws_lb","name":"example","provider_name":"registry.terraform.io/hashicorp/aws","schema_version":0,"values":{"access_logs":[],"customer_owned_ipv4_pool":null,"desync_mitigation_mode":"defensive","drop_invalid_header_fields":false,"enable_cross_zone_load_balancing":null,"enable_deletion_protection":false,"enable_http2":true,"enable_waf_fail_open":false,"idle_timeout":60,"load_balancer_type":"application","name":"terraform-asg-example","name_prefix":null,"preserve_host_header":false,"subnets":["subnet-03c4e85b31af548af","subnet-06594bf681f9cc6e1","subnet-07db88ac54185958d"],"tags":null,"timeouts":null},"sensitive_values":{"access_logs":[],"security_groups":[],"subnet_mapping":[],"subnets":[false,false,false],"tags_all":{}}},{"address":"aws_lb_listener.example","mode":"managed","type":"aws_lb_listener","name":"example","provider_name":"registry.terraform.io/hashicorp/aws","schema_version":0,"values":{"alpn_policy":null,"certificate_arn":null,"default_action":[{"authenticate_cognito":[],"authenticate_oidc":[],"fixed_response":[{"content_type":"text/plain","message_body":null,"status_code":"404"}],"forward":[],"redirect":[],"target_group_arn":null,"type":"fixed-response"}],"port":80,"protocol":"HTTP","tags":null,"timeouts":null},"sensitive_values":{"default_action":[{"authenticate_cognito":[],"authenticate_oidc":[],"fixed_response":[{}],"forward":[],"redirect":[]}],"tags_all":{}}},{"address":"aws_lb_listener_rule.asg","mode":"managed","type":"aws_lb_listener_rule","name":"asg","provider_name":"registry.terraform.io/hashicorp/aws","schema_version":0,"values":{"action":[{"authenticate_cognito":[],"authenticate_oidc":[],"fixed_response":[],"forward":[],"redirect":[],"type":"forward"}],"condition":[{"host_header":[],"http_header":[],"http_request_method":[],"path_pattern":[{"values":["*"]}],"query_string":[],"source_ip":[]}],"priority":100,"tags":null},"sensitive_values":{"action":[{"authenticate_cognito":[],"authenticate_oidc":[],"fixed_response":[],"forward":[],"redirect":[]}],"condition":[{"host_header":[],"http_header":[],"http_request_method":[],"path_pattern":[{"values":[false]}],"query_string":[],"source_ip":[]}],"tags_all":{}}},{"address":"aws_lb_target_group.asg","mode":"managed","type":"aws_lb_target_group","name":"asg","provider_name":"registry.terraform.io/hashicorp/aws","schema_version":0,"values":{"connection_termination":false,"deregistration_delay":"300","health_check":[{"enabled":true,"healthy_threshold":2,"interval":15,"matcher":"200","path":"/","port":"traffic-port","protocol":"HTTP","timeout":3,"unhealthy_threshold":2}],"lambda_multi_value_headers_enabled":false,"name":"terraform-asg-example","name_prefix":null,"port":8080,"protocol":"HTTP","proxy_protocol_v2":false,"slow_start":0,"tags":null,"target_type":"instance","vpc_id":"vpc-0060aef5aea2903f8"},"sensitive_values":{"health_check":[{}],"stickiness":[],"tags_all":{},"target_failover":[]}},{"address":"aws_security_group.alb","mode":"managed","type":"aws_security_group","name":"alb","provider_name":"registry.terraform.io/hashicorp/aws","schema_version":1,"values":{"description":"Allow HTTP traffic","egress":[{"cidr_blocks":["0.0.0.0/0"],"description":"","from_port":0,"ipv6_cidr_blocks":[],"prefix_list_ids":[],"protocol":"-1","security_groups":[],"self":false,"to_port":0}],"ingress":[{"cidr_blocks":["0.0.0.0/0"],"description":"","from_port":80,"ipv6_cidr_blocks":[],"prefix_list_ids":[],"protocol":"tcp","security_groups":[],"self":false,"to_port":80}],"name":"terraform-example-alb","revoke_rules_on_delete":false,"tags":null,"timeouts":null},"sensitive_values":{"egress":[{"cidr_blocks":[false],"ipv6_cidr_blocks":[],"prefix_list_ids":[],"security_groups":[]}],"ingress":[{"cidr_blocks":[false],"ipv6_cidr_blocks":[],"prefix_list_ids":[],"security_groups":[]}],"tags_all":{}}},{"address":"aws_security_group.instance","mode":"managed","type":"aws_security_group","name":"instance","provider_name":"registry.terraform.io/hashicorp/aws","schema_version":1,"values":{"description":"Managed by Terraform","ingress":[{"cidr_blocks":["0.0.0.0/0"],"description":"","from_port":8080,"ipv6_cidr_blocks":[],"prefix_list_ids":[],"protocol":"tcp","security_groups":[],"self":false,"to_port":8080}],"name":"terraform-example-instance","revoke_rules_on_delete":false,"tags":null,"timeouts":null},"sensitive_values":{"egress":[],"ingress":[{"cidr_blocks":[false],"ipv6_cidr_blocks":[],"prefix_list_ids":[],"security_groups":[]}],"tags_all":{}}}]}},"resource_changes":[{"address":"aws_autoscaling_group.example","mode":"managed","type":"aws_autoscaling_group","name":"example","provider_name":"registry.terraform.io/hashicorp/aws","change":{"actions":["create"],"before":null,"after":{"capacity_rebalance":null,"context":null,"default_instance_warmup":null,"desired_capacity_type":null,"enabled_metrics":null,"force_delete":false,"force_delete_warm_pool":false,"health_check_grace_period":300,"health_check_type":"ELB","initial_lifecycle_hook":[],"instance_refresh":[],"launch_template":[],"load_balancers":null,"max_instance_lifetime":null,"max_size":10,"metrics_granularity":"1Minute","min_elb_capacity":null,"min_size":2,"mixed_instances_policy":[],"placement_group":null,"protect_from_scale_in":false,"suspended_processes":null,"tag":[{"key":"Name","propagate_at_launch":true,"value":"terraform-ags-example"}],"tags":null,"termination_policies":null,"timeouts":null,"vpc_zone_identifier":["subnet-03c4e85b31af548af","subnet-06594bf681f9cc6e1","subnet-07db88ac54185958d"],"wait_for_capacity_timeout":"10m","wait_for_elb_capacity":null,"warm_pool":[]},"after_unknown":{"arn":true,"availability_zones":true,"default_cooldown":true,"desired_capacity":true,"id":true,"initial_lifecycle_hook":[],"instance_refresh":[],"launch_configuration":true,"launch_template":[],"mixed_instances_policy":[],"name":true,"name_prefix":true,"service_linked_role_arn":true,"tag":[{}],"target_group_arns":true,"vpc_zone_identifier":[false,false,false],"warm_pool":[]},"before_sensitive":false,"after_sensitive":{"availability_zones":[],"initial_lifecycle_hook":[],"instance_refresh":[],"launch_template":[],"mixed_instances_policy":[],"tag":[{}],"target_group_arns":[],"vpc_zone_identifier":[false,false,false],"warm_pool":[]}}},{"address":"aws_launch_configuration.example","mode":"managed","type":"aws_launch_configuration","name":"example","provider_name":"registry.terraform.io/hashicorp/aws","change":{"actions":["create"],"before":null,"after":{"enable_monitoring":true,"ephemeral_block_device":[],"iam_instance_profile":null,"image_id":"ami-00eeedc4036573771","instance_type":"t2.micro","placement_tenancy":null,"spot_price":null,"user_data":"3cfea3e99f52503ce8cf3c3ba358150029988f77","user_data_base64":null,"vpc_classic_link_id":null,"vpc_classic_link_security_groups":null},"after_unknown":{"arn":true,"associate_public_ip_address":true,"ebs_block_device":true,"ebs_optimized":true,"ephemeral_block_device":[],"id":true,"key_name":true,"metadata_options":true,"name":true,"name_prefix":true,"root_block_device":true,"security_groups":true},"before_sensitive":false,"after_sensitive":{"ebs_block_device":[],"ephemeral_block_device":[],"metadata_options":[],"root_block_device":[],"security_groups":[]}}},{"address":"aws_lb.example","mode":"managed","type":"aws_lb","name":"example","provider_name":"registry.terraform.io/hashicorp/aws","change":{"actions":["create"],"before":null,"after":{"access_logs":[],"customer_owned_ipv4_pool":null,"desync_mitigation_mode":"defensive","drop_invalid_header_fields":false,"enable_cross_zone_load_balancing":null,"enable_deletion_protection":false,"enable_http2":true,"enable_waf_fail_open":false,"idle_timeout":60,"load_balancer_type":"application","name":"terraform-asg-example","name_prefix":null,"preserve_host_header":false,"subnets":["subnet-03c4e85b31af548af","subnet-06594bf681f9cc6e1","subnet-07db88ac54185958d"],"tags":null,"timeouts":null},"after_unknown":{"access_logs":[],"arn":true,"arn_suffix":true,"dns_name":true,"id":true,"internal":true,"ip_address_type":true,"security_groups":true,"subnet_mapping":true,"subnets":[false,false,false],"tags_all":true,"vpc_id":true,"zone_id":true},"before_sensitive":false,"after_sensitive":{"access_logs":[],"security_groups":[],"subnet_mapping":[],"subnets":[false,false,false],"tags_all":{}}}},{"address":"aws_lb_listener.example","mode":"managed","type":"aws_lb_listener","name":"example","provider_name":"registry.terraform.io/hashicorp/aws","change":{"actions":["create"],"before":null,"after":{"alpn_policy":null,"certificate_arn":null,"default_action":[{"authenticate_cognito":[],"authenticate_oidc":[],"fixed_response":[{"content_type":"text/plain","message_body":null,"status_code":"404"}],"forward":[],"redirect":[],"target_group_arn":null,"type":"fixed-response"}],"port":80,"protocol":"HTTP","tags":null,"timeouts":null},"after_unknown":{"arn":true,"default_action":[{"authenticate_cognito":[],"authenticate_oidc":[],"fixed_response":[{}],"forward":[],"order":true,"redirect":[]}],"id":true,"load_balancer_arn":true,"ssl_policy":true,"tags_all":true},"before_sensitive":false,"after_sensitive":{"default_action":[{"authenticate_cognito":[],"authenticate_oidc":[],"fixed_response":[{}],"forward":[],"redirect":[]}],"tags_all":{}}}},{"address":"aws_lb_listener_rule.asg","mode":"managed","type":"aws_lb_listener_rule","name":"asg","provider_name":"registry.terraform.io/hashicorp/aws","change":{"actions":["create"],"before":null,"after":{"action":[{"authenticate_cognito":[],"authenticate_oidc":[],"fixed_response":[],"forward":[],"redirect":[],"type":"forward"}],"condition":[{"host_header":[],"http_header":[],"http_request_method":[],"path_pattern":[{"values":["*"]}],"query_string":[],"source_ip":[]}],"priority":100,"tags":null},"after_unknown":{"action":[{"authenticate_cognito":[],"authenticate_oidc":[],"fixed_response":[],"forward":[],"order":true,"redirect":[],"target_group_arn":true}],"arn":true,"condition":[{"host_header":[],"http_header":[],"http_request_method":[],"path_pattern":[{"values":[false]}],"query_string":[],"source_ip":[]}],"id":true,"listener_arn":true,"tags_all":true},"before_sensitive":false,"after_sensitive":{"action":[{"authenticate_cognito":[],"authenticate_oidc":[],"fixed_response":[],"forward":[],"redirect":[]}],"condition":[{"host_header":[],"http_header":[],"http_request_method":[],"path_pattern":[{"values":[false]}],"query_string":[],"source_ip":[]}],"tags_all":{}}}},{"address":"aws_lb_target_group.asg","mode":"managed","type":"aws_lb_target_group","name":"asg","provider_name":"registry.terraform.io/hashicorp/aws","change":{"actions":["create"],"before":null,"after":{"connection_termination":false,"deregistration_delay":"300","health_check":[{"enabled":true,"healthy_threshold":2,"interval":15,"matcher":"200","path":"/","port":"traffic-port","protocol":"HTTP","timeout":3,"unhealthy_threshold":2}],"lambda_multi_value_headers_enabled":false,"name":"terraform-asg-example","name_prefix":null,"port":8080,"protocol":"HTTP","proxy_protocol_v2":false,"slow_start":0,"tags":null,"target_type":"instance","vpc_id":"vpc-0060aef5aea2903f8"},"after_unknown":{"arn":true,"arn_suffix":true,"health_check":[{}],"id":true,"ip_address_type":true,"load_balancing_algorithm_type":true,"preserve_client_ip":true,"protocol_version":true,"stickiness":true,"tags_all":true,"target_failover":true},"before_sensitive":false,"after_sensitive":{"health_check":[{}],"stickiness":[],"tags_all":{},"target_failover":[]}}},{"address":"aws_security_group.alb","mode":"managed","type":"aws_security_group","name":"alb","provider_name":"registry.terraform.io/hashicorp/aws","change":{"actions":["create"],"before":null,"after":{"description":"Allow HTTP traffic","egress":[{"cidr_blocks":["0.0.0.0/0"],"description":"","from_port":0,"ipv6_cidr_blocks":[],"prefix_list_ids":[],"protocol":"-1","security_groups":[],"self":false,"to_port":0}],"ingress":[{"cidr_blocks":["0.0.0.0/0"],"description":"","from_port":80,"ipv6_cidr_blocks":[],"prefix_list_ids":[],"protocol":"tcp","security_groups":[],"self":false,"to_port":80}],"name":"terraform-example-alb","revoke_rules_on_delete":false,"tags":null,"timeouts":null},"after_unknown":{"arn":true,"egress":[{"cidr_blocks":[false],"ipv6_cidr_blocks":[],"prefix_list_ids":[],"security_groups":[]}],"id":true,"ingress":[{"cidr_blocks":[false],"ipv6_cidr_blocks":[],"prefix_list_ids":[],"security_groups":[]}],"name_prefix":true,"owner_id":true,"tags_all":true,"vpc_id":true},"before_sensitive":false,"after_sensitive":{"egress":[{"cidr_blocks":[false],"ipv6_cidr_blocks":[],"prefix_list_ids":[],"security_groups":[]}],"ingress":[{"cidr_blocks":[false],"ipv6_cidr_blocks":[],"prefix_list_ids":[],"security_groups":[]}],"tags_all":{}}}},{"address":"aws_security_group.instance","mode":"managed","type":"aws_security_group","name":"instance","provider_name":"registry.terraform.io/hashicorp/aws","change":{"actions":["create"],"before":null,"after":{"description":"Managed by Terraform","ingress":[{"cidr_blocks":["0.0.0.0/0"],"description":"","from_port":8080,"ipv6_cidr_blocks":[],"prefix_list_ids":[],"protocol":"tcp","security_groups":[],"self":false,"to_port":8080}],"name":"terraform-example-instance","revoke_rules_on_delete":false,"tags":null,"timeouts":null},"after_unknown":{"arn":true,"egress":true,"id":true,"ingress":[{"cidr_blocks":[false],"ipv6_cidr_blocks":[],"prefix_list_ids":[],"security_groups":[]}],"name_prefix":true,"owner_id":true,"tags_all":true,"vpc_id":true},"before_sensitive":false,"after_sensitive":{"egress":[],"ingress":[{"cidr_blocks":[false],"ipv6_cidr_blocks":[],"prefix_list_ids":[],"security_groups":[]}],"tags_all":{}}}}],"output_changes":{"alb_domain":{"actions":["create"],"before":null,"after_unknown":true,"before_sensitive":false,"after_sensitive":false},"subnet_ids":{"actions":["create"],"before":null,"after":["subnet-03c4e85b31af548af","subnet-06594bf681f9cc6e1","subnet-07db88ac54185958d"],"after_unknown":false,"before_sensitive":false,"after_sensitive":false}},"prior_state":{"format_version":"1.0","terraform_version":"1.4.0","values":{"outputs":{"subnet_ids":{"sensitive":false,"value":["subnet-03c4e85b31af548af","subnet-06594bf681f9cc6e1","subnet-07db88ac54185958d"],"type":["set","string"]}},"root_module":{"resources":[{"address":"data.aws_subnet_ids.default","mode":"data","type":"aws_subnet_ids","name":"default","provider_name":"registry.terraform.io/hashicorp/aws","schema_version":0,"values":{"filter":null,"id":"vpc-0060aef5aea2903f8","ids":["subnet-03c4e85b31af548af","subnet-06594bf681f9cc6e1","subnet-07db88ac54185958d"],"tags":null,"timeouts":null,"vpc_id":"vpc-0060aef5aea2903f8"},"sensitive_values":{"ids":[false,false,false]}},{"address":"data.aws_vpc.default","mode":"data","type":"aws_vpc","name":"default","provider_name":"registry.terraform.io/hashicorp/aws","schema_version":0,"values":{"arn":"arn:aws:ec2:us-east-2:182414726048:vpc/vpc-0060aef5aea2903f8","cidr_block":"172.31.0.0/16","cidr_block_associations":[{"association_id":"vpc-cidr-assoc-0d80943834518173a","cidr_block":"172.31.0.0/16","state":"associated"}],"default":true,"dhcp_options_id":"dopt-0fb5c36c38dd51aca","enable_dns_hostnames":true,"enable_dns_support":true,"enable_network_address_usage_metrics":false,"filter":null,"id":"vpc-0060aef5aea2903f8","instance_tenancy":"default","ipv6_association_id":"","ipv6_cidr_block":"","main_route_table_id":"rtb-031c36244806c63dc","owner_id":"182414726048","state":null,"tags":{},"timeouts":null},"sensitive_values":{"cidr_block_associations":[{}],"tags":{}}}]}}},"configuration":{"provider_config":{"aws":{"name":"aws","full_name":"registry.terraform.io/hashicorp/aws","version_constraint":"\u003e= 2.7.0","expressions":{"region":{"constant_value":"us-east-2"}}}},"root_module":{"outputs":{"alb_domain":{"expression":{"references":["aws_lb.example.dns_name","aws_lb.example"]},"description":"ALB DNS name"},"subnet_ids":{"expression":{"references":["data.aws_subnet_ids.default.ids","data.aws_subnet_ids.default"]},"description":"Subnet IDs"}},"resources":[{"address":"aws_autoscaling_group.example","mode":"managed","type":"aws_autoscaling_group","name":"example","provider_config_key":"aws","expressions":{"health_check_type":{"constant_value":"ELB"},"launch_configuration":{"references":["aws_launch_configuration.example.id","aws_launch_configuration.example"]},"max_size":{"constant_value":10},"min_size":{"constant_value":2},"tag":[{"key":{"constant_value":"Name"},"propagate_at_launch":{"constant_value":true},"value":{"constant_value":"terraform-ags-example"}}],"target_group_arns":{"references":["aws_lb_target_group.asg.arn","aws_lb_target_group.asg"]},"vpc_zone_identifier":{"references":["data.aws_subnet_ids.default.ids","data.aws_subnet_ids.default"]}},"schema_version":0},{"address":"aws_launch_configuration.example","mode":"managed","type":"aws_launch_configuration","name":"example","provider_config_key":"aws","expressions":{"image_id":{"constant_value":"ami-00eeedc4036573771"},"instance_type":{"constant_value":"t2.micro"},"security_groups":{"references":["aws_security_group.instance.id","aws_security_group.instance"]},"user_data":{"references":["var.server_port"]}},"schema_version":0},{"address":"aws_lb.example","mode":"managed","type":"aws_lb","name":"example","provider_config_key":"aws","expressions":{"load_balancer_type":{"constant_value":"application"},"name":{"constant_value":"terraform-asg-example"},"security_groups":{"references":["aws_security_group.alb.id","aws_security_group.alb"]},"subnets":{"references":["data.aws_subnet_ids.default.ids","data.aws_subnet_ids.default"]}},"schema_version":0},{"address":"aws_lb_listener.example","mode":"managed","type":"aws_lb_listener","name":"example","provider_config_key":"aws","expressions":{"default_action":[{"fixed_response":[{"content_type":{"constant_value":"text/plain"},"status_code":{"constant_value":"404"}}],"type":{"constant_value":"fixed-response"}}],"load_balancer_arn":{"references":["aws_lb.example.arn","aws_lb.example"]},"port":{"constant_value":"80"},"protocol":{"constant_value":"HTTP"}},"schema_version":0},{"address":"aws_lb_listener_rule.asg","mode":"managed","type":"aws_lb_listener_rule","name":"asg","provider_config_key":"aws","expressions":{"action":[{"target_group_arn":{"references":["aws_lb_target_group.asg.arn","aws_lb_target_group.asg"]},"type":{"constant_value":"forward"}}],"condition":[{"path_pattern":[{"values":{"constant_value":["*"]}}]}],"listener_arn":{"references":["aws_lb_listener.example.arn","aws_lb_listener.example"]},"priority":{"constant_value":100}},"schema_version":0},{"address":"aws_lb_target_group.asg","mode":"managed","type":"aws_lb_target_group","name":"asg","provider_config_key":"aws","expressions":{"health_check":[{"healthy_threshold":{"constant_value":2},"interval":{"constant_value":15},"matcher":{"constant_value":"200"},"path":{"constant_value":"/"},"protocol":{"constant_value":"HTTP"},"timeout":{"constant_value":3},"unhealthy_threshold":{"constant_value":2}}],"name":{"constant_value":"terraform-asg-example"},"port":{"references":["var.server_port"]},"protocol":{"constant_value":"HTTP"},"vpc_id":{"references":["data.aws_vpc.default.id","data.aws_vpc.default"]}},"schema_version":0},{"address":"aws_security_group.alb","mode":"managed","type":"aws_security_group","name":"alb","provider_config_key":"aws","expressions":{"description":{"constant_value":"Allow HTTP traffic"},"egress":{"constant_value":[{"cidr_blocks":["0.0.0.0/0"],"description":null,"from_port":0,"ipv6_cidr_blocks":null,"prefix_list_ids":null,"protocol":"-1","security_groups":null,"self":null,"to_port":0}]},"ingress":{"constant_value":[{"cidr_blocks":["0.0.0.0/0"],"description":null,"from_port":80,"ipv6_cidr_blocks":null,"prefix_list_ids":null,"protocol":"tcp","security_groups":null,"self":null,"to_port":80}]},"name":{"constant_value":"terraform-example-alb"}},"schema_version":1},{"address":"aws_security_group.instance","mode":"managed","type":"aws_security_group","name":"instance","provider_config_key":"aws","expressions":{"ingress":{"references":["var.server_port","var.server_port"]},"name":{"constant_value":"terraform-example-instance"}},"schema_version":1},{"address":"data.aws_subnet_ids.default","mode":"data","type":"aws_subnet_ids","name":"default","provider_config_key":"aws","expressions":{"vpc_id":{"references":["data.aws_vpc.default.id","data.aws_vpc.default"]}},"schema_version":0},{"address":"data.aws_vpc.default","mode":"data","type":"aws_vpc","name":"default","provider_config_key":"aws","expressions":{"default":{"constant_value":true}},"schema_version":0}],"variables":{"server_port":{"default":8080,"description":"Port to use for the instance"}}}},"relevant_attributes":[{"resource":"aws_lb.example","attribute":["dns_name"]},{"resource":"data.aws_vpc.default","attribute":["id"]},{"resource":"aws_lb.example","attribute":["arn"]},{"resource":"aws_launch_configuration.example","attribute":["id"]},{"resource":"aws_lb_target_group.asg","attribute":["arn"]},{"resource":"aws_lb_listener.example","attribute":["arn"]},{"resource":"aws_security_group.instance","attribute":["id"]},{"resource":"aws_security_group.alb","attribute":["id"]},{"resource":"data.aws_subnet_ids.default","attribute":["ids"]}]}
